<?xml version="1.0" encoding="utf-8"?>
<Project ToolsVersion="4.0" xmlns="http://schemas.microsoft.com/developer/msbuild/2003">
  <ItemGroup>
    <Filter Include="Resource Files">
      <UniqueIdentifier>{67DA6AB6-F800-4c08-8B7A-83BB121AAD01}</UniqueIdentifier>
      <Extensions>rc;ico;cur;bmp;dlg;rc2;rct;bin;rgs;gif;jpg;jpeg;jpe;resx;tiff;tif;png;wav;mfcribbon-ms</Extensions>
    </Filter>
    <Filter Include="Resources">
      <UniqueIdentifier>{c8221f4f-96d6-45f2-807e-01a9ffe1d20b}</UniqueIdentifier>
    </Filter>
    <Filter Include="entry_point">
      <UniqueIdentifier>{ebd48c7f-7c95-41a8-82a0-01450510cb14}</UniqueIdentifier>
    </Filter>
    <Filter Include="export_formats">
      <UniqueIdentifier>{a217ce2d-95b5-4a32-9d32-d0ad2ef150f2}</UniqueIdentifier>
    </Filter>
    <Filter Include="general_functions">
      <UniqueIdentifier>{5400e3da-6a6a-4542-8a86-429c45ae7a5f}</UniqueIdentifier>
    </Filter>
  </ItemGroup>
  <ItemGroup>
    <ClInclude Include="navis.h">
      <Filter>export_formats</Filter>
    </ClInclude>
    <ClInclude Include="plugin_start.h">
      <Filter>entry_point</Filter>
    </ClInclude>
    <ClInclude Include="console_start.h">
      <Filter>entry_point</Filter>
    </ClInclude>
    <ClInclude Include="general_functions.h">
      <Filter>general_functions</Filter>
    </ClInclude>
    <ClInclude Include="renga_enums.h">
      <Filter>general_functions</Filter>
    </ClInclude>
    <ClInclude Include="Renga_import.h">
      <Filter>general_functions</Filter>
    </ClInclude>
  </ItemGroup>
  <ItemGroup>
    <ClCompile Include="plugin_start.cpp">
      <Filter>entry_point</Filter>
    </ClCompile>
    <ClCompile Include="console_start.cpp">
      <Filter>entry_point</Filter>
    </ClCompile>
    <ClCompile Include="navis.cpp">
      <Filter>export_formats</Filter>
    </ClCompile>
    <ClCompile Include="navis_data.cpp">
      <Filter>export_formats</Filter>
    </ClCompile>
    <ClCompile Include="actions.cpp">
      <Filter>general_functions</Filter>
    </ClCompile>
    <ClCompile Include="tools.cpp">
      <Filter>general_functions</Filter>
    </ClCompile>
  </ItemGroup>
  <ItemGroup>
    <None Include="Resources\export_data_plugin.rndesc">
      <Filter>Resources</Filter>
    </None>
  </ItemGroup>
  <ItemGroup>
    <Image Include="Resources\export_logo.png">
      <Filter>Resources</Filter>
    </Image>
    <Image Include="Resources\navis_logo.png">
      <Filter>Resources</Filter>
    </Image>
  </ItemGroup>
</Project>