<?xml version="1.0" encoding="utf-8"?>
<Project ToolsVersion="4.0" xmlns="http://schemas.microsoft.com/developer/msbuild/2003">
  <ItemGroup>
    <Filter Include="Resource Files">
      <UniqueIdentifier>{67DA6AB6-F800-4c08-8B7A-83BB121AAD01}</UniqueIdentifier>
      <Extensions>rc;ico;cur;bmp;dlg;rc2;rct;bin;rgs;gif;jpg;jpeg;jpe;resx;tiff;tif;png;wav;mfcribbon-ms</Extensions>
    </Filter>
    <Filter Include="AppRegister">
      <UniqueIdentifier>{75bfdbee-e825-48ab-8c73-8bbc37785c36}</UniqueIdentifier>
    </Filter>
    <Filter Include="Extensons">
      <UniqueIdentifier>{01a17cad-cdf1-4e1e-8997-49a84c62bec9}</UniqueIdentifier>
    </Filter>
  </ItemGroup>
  <ItemGroup>
    <ClInclude Include="init_app.hpp">
      <Filter>AppRegister</Filter>
    </ClInclude>
    <ClInclude Include="pch.hpp">
      <Filter>AppRegister</Filter>
    </ClInclude>
    <ClInclude Include="Renga_extensions.hpp">
      <Filter>Extensons</Filter>
    </ClInclude>
  </ItemGroup>
  <ItemGroup>
    <ClCompile Include="dllmain.cpp">
      <Filter>AppRegister</Filter>
    </ClCompile>
    <ClCompile Include="init_app.cpp">
      <Filter>AppRegister</Filter>
    </ClCompile>
    <ClCompile Include="pch.cpp">
      <Filter>AppRegister</Filter>
    </ClCompile>
    <ClCompile Include="Renga_extensions.cpp">
      <Filter>Extensons</Filter>
    </ClCompile>
  </ItemGroup>
  <ItemGroup>
    <None Include="RengaExporter.rndesc" />
  </ItemGroup>
</Project>